
Microsoft Visual Studio Solution File, Format Version 12.00
# Visual Studio Version 16
VisualStudioVersion = 16.0.29613.14
MinimumVisualStudioVersion = 10.0.40219.1
Project("{2150E333-8FDC-42A3-9474-1A3956D46DE8}") = "Libraries", "Libraries", "{6A040BB7-DC4A-485F-B340-33E4A13304B9}"
EndProject
Project("{2150E333-8FDC-42A3-9474-1A3956D46DE8}") = "Presentation", "Presentation", "{334661B2-3ACC-436C-BC71-BD43DB7FCB41}"
EndProject
Project("{9A19103F-16F7-4668-BE54-9A1E7A4F7556}") = "Iven.Web", "Iven.Web\Iven.Web.csproj", "{73475B00-37D1-4B2C-B908-63C128C9033B}"
EndProject
Project("{9A19103F-16F7-4668-BE54-9A1E7A4F7556}") = "Iven.Admin", "Iven.Admin\Iven.Admin.csproj", "{2FA9283E-F293-449D-93F8-49D6E01CEC16}"
EndProject
Project("{FAE04EC0-301F-11D3-BF4B-00C04F79EFBC}") = "Iven.Core", "Iven.Core\Iven.Core.csproj", "{AC49A984-51AC-47C7-8780-C0F7BCA46A10}"
EndProject
Project("{FAE04EC0-301F-11D3-BF4B-00C04F79EFBC}") = "Iven.Data", "Iven.Data\Iven.Data.csproj", "{8A572EF4-AF18-4057-8BC5-8ECAB1685254}"
EndProject
Project("{FAE04EC0-301F-11D3-BF4B-00C04F79EFBC}") = "Iven.Services", "Iven.Services\Iven.Services.csproj", "{7C897BDC-7541-4E78-A037-9A55D1860AE4}"
EndProject
Global
	GlobalSection(SolutionConfigurationPlatforms) = preSolution
		Debug|Any CPU = Debug|Any CPU
		Release|Any CPU = Release|Any CPU
	EndGlobalSection
	GlobalSection(ProjectConfigurationPlatforms) = postSolution
		{73475B00-37D1-4B2C-B908-63C128C9033B}.Debug|Any CPU.ActiveCfg = Debug|Any CPU
		{73475B00-37D1-4B2C-B908-63C128C9033B}.Debug|Any CPU.Build.0 = Debug|Any CPU
		{73475B00-37D1-4B2C-B908-63C128C9033B}.Release|Any CPU.ActiveCfg = Release|Any CPU
		{73475B00-37D1-4B2C-B908-63C128C9033B}.Release|Any CPU.Build.0 = Release|Any CPU
		{2FA9283E-F293-449D-93F8-49D6E01CEC16}.Debug|Any CPU.ActiveCfg = Debug|Any CPU
		{2FA9283E-F293-449D-93F8-49D6E01CEC16}.Debug|Any CPU.Build.0 = Debug|Any CPU
		{2FA9283E-F293-449D-93F8-49D6E01CEC16}.Release|Any CPU.ActiveCfg = Release|Any CPU
		{2FA9283E-F293-449D-93F8-49D6E01CEC16}.Release|Any CPU.Build.0 = Release|Any CPU
		{AC49A984-51AC-47C7-8780-C0F7BCA46A10}.Debug|Any CPU.ActiveCfg = Debug|Any CPU
		{AC49A984-51AC-47C7-8780-C0F7BCA46A10}.Debug|Any CPU.Build.0 = Debug|Any CPU
		{AC49A984-51AC-47C7-8780-C0F7BCA46A10}.Release|Any CPU.ActiveCfg = Release|Any CPU
		{AC49A984-51AC-47C7-8780-C0F7BCA46A10}.Release|Any CPU.Build.0 = Release|Any CPU
		{8A572EF4-AF18-4057-8BC5-8ECAB1685254}.Debug|Any CPU.ActiveCfg = Debug|Any CPU
		{8A572EF4-AF18-4057-8BC5-8ECAB1685254}.Debug|Any CPU.Build.0 = Debug|Any CPU
		{8A572EF4-AF18-4057-8BC5-8ECAB1685254}.Release|Any CPU.ActiveCfg = Release|Any CPU
		{8A572EF4-AF18-4057-8BC5-8ECAB1685254}.Release|Any CPU.Build.0 = Release|Any CPU
		{7C897BDC-7541-4E78-A037-9A55D1860AE4}.Debug|Any CPU.ActiveCfg = Debug|Any CPU
		{7C897BDC-7541-4E78-A037-9A55D1860AE4}.Debug|Any CPU.Build.0 = Debug|Any CPU
		{7C897BDC-7541-4E78-A037-9A55D1860AE4}.Release|Any CPU.ActiveCfg = Release|Any CPU
		{7C897BDC-7541-4E78-A037-9A55D1860AE4}.Release|Any CPU.Build.0 = Release|Any CPU
	EndGlobalSection
	GlobalSection(SolutionProperties) = preSolution
		HideSolutionNode = FALSE
	EndGlobalSection
	GlobalSection(NestedProjects) = preSolution
		{73475B00-37D1-4B2C-B908-63C128C9033B} = {334661B2-3ACC-436C-BC71-BD43DB7FCB41}
		{2FA9283E-F293-449D-93F8-49D6E01CEC16} = {334661B2-3ACC-436C-BC71-BD43DB7FCB41}
		{AC49A984-51AC-47C7-8780-C0F7BCA46A10} = {6A040BB7-DC4A-485F-B340-33E4A13304B9}
		{8A572EF4-AF18-4057-8BC5-8ECAB1685254} = {6A040BB7-DC4A-485F-B340-33E4A13304B9}
		{7C897BDC-7541-4E78-A037-9A55D1860AE4} = {6A040BB7-DC4A-485F-B340-33E4A13304B9}
	EndGlobalSection
	GlobalSection(ExtensibilityGlobals) = postSolution
		SolutionGuid = {B112A45F-674C-43F4-8479-6249B42BC1DB}
	EndGlobalSection
EndGlobal
